
Microsoft Visual Studio Solution File, Format Version 12.00
# Visual Studio Version 17
VisualStudioVersion = 17.14.36518.9
MinimumVisualStudioVersion = 10.0.40219.1
Project("{FAE04EC0-301F-11D3-BF4B-00C04F79EFBC}") = "ERPSystem", "ERPSystem.csproj", "{FD3C6FAD-7A37-4F2D-A464-B960E3BA1374}"
EndProject
Global
	GlobalSection(SolutionConfigurationPlatforms) = preSolution
		Debug|Any CPU = Debug|Any CPU
		Release|Any CPU = Release|Any CPU
	EndGlobalSection
	GlobalSection(ProjectConfigurationPlatforms) = postSolution
		{FD3C6FAD-7A37-4F2D-A464-B960E3BA1374}.Debug|Any CPU.ActiveCfg = Debug|Any CPU
		{FD3C6FAD-7A37-4F2D-A464-B960E3BA1374}.Debug|Any CPU.Build.0 = Debug|Any CPU
		{FD3C6FAD-7A37-4F2D-A464-B960E3BA1374}.Release|Any CPU.ActiveCfg = Release|Any CPU
		{FD3C6FAD-7A37-4F2D-A464-B960E3BA1374}.Release|Any CPU.Build.0 = Release|Any CPU
	EndGlobalSection
	GlobalSection(SolutionProperties) = preSolution
		HideSolutionNode = FALSE
	EndGlobalSection
	GlobalSection(ExtensibilityGlobals) = postSolution
		SolutionGuid = {363D3D13-B1CD-4CA3-9BD8-8A478B538580}
	EndGlobalSection
EndGlobal
